// !$*UTF8*$!
{
	archiveVersion = 1;
	classes = {
	};
	objectVersion = 50;
	objects = {

/* Begin PBXBuildFile section */
		CBA3C8ED26D35B6C0072AFD7 /* RemoteSensorsProtocolClientApp.swift in Sources */ = {isa = PBXBuildFile; fileRef = CBA3C8EC26D35B6C0072AFD7 /* RemoteSensorsProtocolClientApp.swift */; };
		CBA3C8EF26D35B6C0072AFD7 /* ContentView.swift in Sources */ = {isa = PBXBuildFile; fileRef = CBA3C8EE26D35B6C0072AFD7 /* ContentView.swift */; };
		CBA3C8F126D35B6D0072AFD7 /* Assets.xcassets in Resources */ = {isa = PBXBuildFile; fileRef = CBA3C8F026D35B6D0072AFD7 /* Assets.xcassets */; };
		CBA3C8F426D35B6D0072AFD7 /* Preview Assets.xcassets in Resources */ = {isa = PBXBuildFile; fileRef = CBA3C8F326D35B6D0072AFD7 /* Preview Assets.xcassets */; };
/* End PBXBuildFile section */

/* Begin PBXFileReference section */
		CBA3C8E926D35B6C0072AFD7 /* RemoteSensorsProtocolClient.app */ = {isa = PBXFileReference; explicitFileType = wrapper.application; includeInIndex = 0; path = RemoteSensorsProtocolClient.app; sourceTree = BUILT_PRODUCTS_DIR; };
		CBA3C8EC26D35B6C0072AFD7 /* RemoteSensorsProtocolClientApp.swift */ = {isa = PBXFileReference; lastKnownFileType = sourcecode.swift; path = RemoteSensorsProtocolClientApp.swift; sourceTree = "<group>"; };
		CBA3C8EE26D35B6C0072AFD7 /* ContentView.swift */ = {isa = PBXFileReference; lastKnownFileType = sourcecode.swift; path = ContentView.swift; sourceTree = "<group>"; };
		CBA3C8F026D35B6D0072AFD7 /* Assets.xcassets */ = {isa = PBXFileReference; lastKnownFileType = folder.assetcatalog; path = Assets.xcassets; sourceTree = "<group>"; };
		CBA3C8F326D35B6D0072AFD7 /* Preview Assets.xcassets */ = {isa = PBXFileReference; lastKnownFileType = folder.assetcatalog; path = "Preview Assets.xcassets"; sourceTree = "<group>"; };
		CBA3C8F526D35B6D0072AFD7 /* Info.plist */ = {isa = PBXFileReference; lastKnownFileType = text.plist.xml; path = Info.plist; sourceTree = "<group>"; };
		CBA3C8FB26D361EE0072AFD7 /* RemoteSensorsProtocolClient.entitlements */ = {isa = PBXFileReference; lastKnownFileType = text.plist.entitlements; path = RemoteSensorsProtocolClient.entitlements; sourceTree = "<group>"; };
/* End PBXFileReference section */

/* Begin PBXFrameworksBuildPhase section */
		CBA3C8E626D35B6C0072AFD7 /* Frameworks */ = {
			isa = PBXFrameworksBuildPhase;
			buildActionMask = 2147483647;
			files = (
			);
			runOnlyForDeploymentPostprocessing = 0;
		};
/* End PBXFrameworksBuildPhase section */

/* Begin PBXGroup section */
		CBA3C8E026D35B6C0072AFD7 = {
			isa = PBXGroup;
			children = (
				CBA3C8EB26D35B6C0072AFD7 /* RemoteSensorsProtocolClient */,
				CBA3C8EA26D35B6C0072AFD7 /* Products */,
			);
			sourceTree = "<group>";
		};
		CBA3C8EA26D35B6C0072AFD7 /* Products */ = {
			isa = PBXGroup;
			children = (
				CBA3C8E926D35B6C0072AFD7 /* RemoteSensorsProtocolClient.app */,
			);
			name = Products;
			sourceTree = "<group>";
		};
		CBA3C8EB26D35B6C0072AFD7 /* RemoteSensorsProtocolClient */ = {
			isa = PBXGroup;
			children = (
				CBA3C8FB26D361EE0072AFD7 /* RemoteSensorsProtocolClient.entitlements */,
				CBA3C8EC26D35B6C0072AFD7 /* RemoteSensorsProtocolClientApp.swift */,
				CBA3C8EE26D35B6C0072AFD7 /* ContentView.swift */,
				CBA3C8F026D35B6D0072AFD7 /* Assets.xcassets */,
				CBA3C8F526D35B6D0072AFD7 /* Info.plist */,
				CBA3C8F226D35B6D0072AFD7 /* Preview Content */,
			);
			path = RemoteSensorsProtocolClient;
			sourceTree = "<group>";
		};
		CBA3C8F226D35B6D0072AFD7 /* Preview Content */ = {
			isa = PBXGroup;
			children = (
				CBA3C8F326D35B6D0072AFD7 /* Preview Assets.xcassets */,
			);
			path = "Preview Content";
			sourceTree = "<group>";
		};
/* End PBXGroup section */

/* Begin PBXNativeTarget section */
		CBA3C8E826D35B6C0072AFD7 /* RemoteSensorsProtocolClient */ = {
			isa = PBXNativeTarget;
			buildConfigurationList = CBA3C8F826D35B6D0072AFD7 /* Build configuration list for PBXNativeTarget "RemoteSensorsProtocolClient" */;
			buildPhases = (
				CBA3C8E526D35B6C0072AFD7 /* Sources */,
				CBA3C8E626D35B6C0072AFD7 /* Frameworks */,
				CBA3C8E726D35B6C0072AFD7 /* Resources */,
			);
			buildRules = (
			);
			dependencies = (
			);
			name = RemoteSensorsProtocolClient;
			productName = RemoteSensorsProtocolClient;
			productReference = CBA3C8E926D35B6C0072AFD7 /* RemoteSensorsProtocolClient.app */;
			productType = "com.apple.product-type.application";
		};
/* End PBXNativeTarget section */

/* Begin PBXProject section */
		CBA3C8E126D35B6C0072AFD7 /* Project object */ = {
			isa = PBXProject;
			attributes = {
				LastSwiftUpdateCheck = 1250;
				LastUpgradeCheck = 1250;
				TargetAttributes = {
					CBA3C8E826D35B6C0072AFD7 = {
						CreatedOnToolsVersion = 12.5.1;
					};
				};
			};
			buildConfigurationList = CBA3C8E426D35B6C0072AFD7 /* Build configuration list for PBXProject "RemoteSensorsProtocolClient" */;
			compatibilityVersion = "Xcode 9.3";
			developmentRegion = en;
			hasScannedForEncodings = 0;
			knownRegions = (
				en,
				Base,
			);
			mainGroup = CBA3C8E026D35B6C0072AFD7;
			productRefGroup = CBA3C8EA26D35B6C0072AFD7 /* Products */;
			projectDirPath = "";
			projectRoot = "";
			targets = (
				CBA3C8E826D35B6C0072AFD7 /* RemoteSensorsProtocolClient */,
			);
		};
/* End PBXProject section */

/* Begin PBXResourcesBuildPhase section */
		CBA3C8E726D35B6C0072AFD7 /* Resources */ = {
			isa = PBXResourcesBuildPhase;
			buildActionMask = 2147483647;
			files = (
				CBA3C8F426D35B6D0072AFD7 /* Preview Assets.xcassets in Resources */,
				CBA3C8F126D35B6D0072AFD7 /* Assets.xcassets in Resources */,
			);
			runOnlyForDeploymentPostprocessing = 0;
		};
/* End PBXResourcesBuildPhase section */

/* Begin PBXSourcesBuildPhase section */
		CBA3C8E526D35B6C0072AFD7 /* Sources */ = {
			isa = PBXSourcesBuildPhase;
			buildActionMask = 2147483647;
			files = (
				CBA3C8EF26D35B6C0072AFD7 /* ContentView.swift in Sources */,
				CBA3C8ED26D35B6C0072AFD7 /* RemoteSensorsProtocolClientApp.swift in Sources */,
			);
			runOnlyForDeploymentPostprocessing = 0;
		};
/* End PBXSourcesBuildPhase section */

/* Begin XCBuildConfiguration section */
		CBA3C8F626D35B6D0072AFD7 /* Debug */ = {
			isa = XCBuildConfiguration;
			buildSettings = {
				ALWAYS_SEARCH_USER_PATHS = NO;
				CLANG_ANALYZER_NONNULL = YES;
				CLANG_ANALYZER_NUMBER_OBJECT_CONVERSION = YES_AGGRESSIVE;
				CLANG_CXX_LANGUAGE_STANDARD = "gnu++14";
				CLANG_CXX_LIBRARY = "libc++";
				CLANG_ENABLE_MODULES = YES;
				CLANG_ENABLE_OBJC_ARC = YES;
				CLANG_ENABLE_OBJC_WEAK = YES;
				CLANG_WARN_BLOCK_CAPTURE_AUTORELEASING = YES;
				CLANG_WARN_BOOL_CONVERSION = YES;
				CLANG_WARN_COMMA = YES;
				CLANG_WARN_CONSTANT_CONVERSION = YES;
				CLANG_WARN_DEPRECATED_OBJC_IMPLEMENTATIONS = YES;
				CLANG_WARN_DIRECT_OBJC_ISA_USAGE = YES_ERROR;
				CLANG_WARN_DOCUMENTATION_COMMENTS = YES;
				CLANG_WARN_EMPTY_BODY = YES;
				CLANG_WARN_ENUM_CONVERSION = YES;
				CLANG_WARN_INFINITE_RECURSION = YES;
				CLANG_WARN_INT_CONVERSION = YES;
				CLANG_WARN_NON_LITERAL_NULL_CONVERSION = YES;
				CLANG_WARN_OBJC_IMPLICIT_RETAIN_SELF = YES;
				CLANG_WARN_OBJC_LITERAL_CONVERSION = YES;
				CLANG_WARN_OBJC_ROOT_CLASS = YES_ERROR;
				CLANG_WARN_QUOTED_INCLUDE_IN_FRAMEWORK_HEADER = YES;
				CLANG_WARN_RANGE_LOOP_ANALYSIS = YES;
				CLANG_WARN_STRICT_PROTOTYPES = YES;
				CLANG_WARN_SUSPICIOUS_MOVE = YES;
				CLANG_WARN_UNGUARDED_AVAILABILITY = YES_AGGRESSIVE;
				CLANG_WARN_UNREACHABLE_CODE = YES;
				CLANG_WARN__DUPLICATE_METHOD_MATCH = YES;
				COPY_PHASE_STRIP = NO;
				DEBUG_INFORMATION_FORMAT = dwarf;
				ENABLE_STRICT_OBJC_MSGSEND = YES;
				ENABLE_TESTABILITY = YES;
				GCC_C_LANGUAGE_STANDARD = gnu11;
				GCC_DYNAMIC_NO_PIC = NO;
				GCC_NO_COMMON_BLOCKS = YES;
				GCC_OPTIMIZATION_LEVEL = 0;
				GCC_PREPROCESSOR_DEFINITIONS = (
					"DEBUG=1",
					"$(inherited)",
				);
				GCC_WARN_64_TO_32_BIT_CONVERSION = YES;
				GCC_WARN_ABOUT_RETURN_TYPE = YES_ERROR;
				GCC_WARN_UNDECLARED_SELECTOR = YES;
				GCC_WARN_UNINITIALIZED_AUTOS = YES_AGGRESSIVE;
				GCC_WARN_UNUSED_FUNCTION = YES;
				GCC_WARN_UNUSED_VARIABLE = YES;
				IPHONEOS_DEPLOYMENT_TARGET = 14.5;
				MTL_ENABLE_DEBUG_INFO = INCLUDE_SOURCE;
				MTL_FAST_MATH = YES;
				ONLY_ACTIVE_ARCH = YES;
				SDKROOT = iphoneos;
				SWIFT_ACTIVE_COMPILATION_CONDITIONS = DEBUG;
				SWIFT_OPTIMIZATION_LEVEL = "-Onone";
			};
			name = Debug;
		};
		CBA3C8F726D35B6D0072AFD7 /* Release */ = {
			isa = XCBuildConfiguration;
			buildSettings = {
				ALWAYS_SEARCH_USER_PATHS = NO;
				CLANG_ANALYZER_NONNULL = YES;
				CLANG_ANALYZER_NUMBER_OBJECT_CONVERSION = YES_AGGRESSIVE;
				CLANG_CXX_LANGUAGE_STANDARD = "gnu++14";
				CLANG_CXX_LIBRARY = "libc++";
				CLANG_ENABLE_MODULES = YES;
				CLANG_ENABLE_OBJC_ARC = YES;
				CLANG_ENABLE_OBJC_WEAK = YES;
				CLANG_WARN_BLOCK_CAPTURE_AUTORELEASING = YES;
				CLANG_WARN_BOOL_CONVERSION = YES;
				CLANG_WARN_COMMA = YES;
				CLANG_WARN_CONSTANT_CONVERSION = YES;
				CLANG_WARN_DEPRECATED_OBJC_IMPLEMENTATIONS = YES;
				CLANG_WARN_DIRECT_OBJC_ISA_USAGE = YES_ERROR;
				CLANG_WARN_DOCUMENTATION_COMMENTS = YES;
				CLANG_WARN_EMPTY_BODY = YES;
				CLANG_WARN_ENUM_CONVERSION = YES;
				CLANG_WARN_INFINITE_RECURSION = YES;
				CLANG_WARN_INT_CONVERSION = YES;
				CLANG_WARN_NON_LITERAL_NULL_CONVERSION = YES;
				CLANG_WARN_OBJC_IMPLICIT_RETAIN_SELF = YES;
				CLANG_WARN_OBJC_LITERAL_CONVERSION = YES;
				CLANG_WARN_OBJC_ROOT_CLASS = YES_ERROR;
				CLANG_WARN_QUOTED_INCLUDE_IN_FRAMEWORK_HEADER = YES;
				CLANG_WARN_RANGE_LOOP_ANALYSIS = YES;
				CLANG_WARN_STRICT_PROTOTYPES = YES;
				CLANG_WARN_SUSPICIOUS_MOVE = YES;
				CLANG_WARN_UNGUARDED_AVAILABILITY = YES_AGGRESSIVE;
				CLANG_WARN_UNREACHABLE_CODE = YES;
				CLANG_WARN__DUPLICATE_METHOD_MATCH = YES;
				COPY_PHASE_STRIP = NO;
				DEBUG_INFORMATION_FORMAT = "dwarf-with-dsym";
				ENABLE_NS_ASSERTIONS = NO;
				ENABLE_STRICT_OBJC_MSGSEND = YES;
				GCC_C_LANGUAGE_STANDARD = gnu11;
				GCC_NO_COMMON_BLOCKS = YES;
				GCC_WARN_64_TO_32_BIT_CONVERSION = YES;
				GCC_WARN_ABOUT_RETURN_TYPE = YES_ERROR;
				GCC_WARN_UNDECLARED_SELECTOR = YES;
				GCC_WARN_UNINITIALIZED_AUTOS = YES_AGGRESSIVE;
				GCC_WARN_UNUSED_FUNCTION = YES;
				GCC_WARN_UNUSED_VARIABLE = YES;
				IPHONEOS_DEPLOYMENT_TARGET = 14.5;
				MTL_ENABLE_DEBUG_INFO = NO;
				MTL_FAST_MATH = YES;
				SDKROOT = iphoneos;
				SWIFT_COMPILATION_MODE = wholemodule;
				SWIFT_OPTIMIZATION_LEVEL = "-O";
				VALIDATE_PRODUCT = YES;
			};
			name = Release;
		};
		CBA3C8F926D35B6D0072AFD7 /* Debug */ = {
			isa = XCBuildConfiguration;
			buildSettings = {
				ASSETCATALOG_COMPILER_APPICON_NAME = AppIcon;
				ASSETCATALOG_COMPILER_GLOBAL_ACCENT_COLOR_NAME = AccentColor;
				CODE_SIGN_ENTITLEMENTS = RemoteSensorsProtocolClient/RemoteSensorsProtocolClient.entitlements;
				CODE_SIGN_STYLE = Automatic;
				DEVELOPMENT_ASSET_PATHS = "\"RemoteSensorsProtocolClient/Preview Content\"";
				DEVELOPMENT_TEAM = UV6TAX3ANB;
				ENABLE_PREVIEWS = YES;
				INFOPLIST_FILE = RemoteSensorsProtocolClient/Info.plist;
				IPHONEOS_DEPLOYMENT_TARGET = 14.0;
				LD_RUNPATH_SEARCH_PATHS = (
					"$(inherited)",
					"@executable_path/Frameworks",
				);
				PRODUCT_BUNDLE_IDENTIFIER = com.bricklife.RemoteSensorsProtocolClient;
				PRODUCT_NAME = "$(TARGET_NAME)";
				SUPPORTS_MACCATALYST = YES;
				SWIFT_VERSION = 5.0;
				TARGETED_DEVICE_FAMILY = "1,2,6";
			};
			name = Debug;
		};
		CBA3C8FA26D35B6D0072AFD7 /* Release */ = {
			isa = XCBuildConfiguration;
			buildSettings = {
				ASSETCATALOG_COMPILER_APPICON_NAME = AppIcon;
				ASSETCATALOG_COMPILER_GLOBAL_ACCENT_COLOR_NAME = AccentColor;
				CODE_SIGN_ENTITLEMENTS = RemoteSensorsProtocolClient/RemoteSensorsProtocolClient.entitlements;
				CODE_SIGN_STYLE = Automatic;
				DEVELOPMENT_ASSET_PATHS = "\"RemoteSensorsProtocolClient/Preview Content\"";
				DEVELOPMENT_TEAM = UV6TAX3ANB;
				ENABLE_PREVIEWS = YES;
				INFOPLIST_FILE = RemoteSensorsProtocolClient/Info.plist;
				IPHONEOS_DEPLOYMENT_TARGET = 14.0;
				LD_RUNPATH_SEARCH_PATHS = (
					"$(inherited)",
					"@executable_path/Frameworks",
				);
				PRODUCT_BUNDLE_IDENTIFIER = com.bricklife.RemoteSensorsProtocolClient;
				PRODUCT_NAME = "$(TARGET_NAME)";
				SUPPORTS_MACCATALYST = YES;
				SWIFT_VERSION = 5.0;
				TARGETED_DEVICE_FAMILY = "1,2,6";
			};
			name = Release;
		};
/* End XCBuildConfiguration section */

/* Begin XCConfigurationList section */
		CBA3C8E426D35B6C0072AFD7 /* Build configuration list for PBXProject "RemoteSensorsProtocolClient" */ = {
			isa = XCConfigurationList;
			buildConfigurations = (
				CBA3C8F626D35B6D0072AFD7 /* Debug */,
				CBA3C8F726D35B6D0072AFD7 /* Release */,
			);
			defaultConfigurationIsVisible = 0;
			defaultConfigurationName = Release;
		};
		CBA3C8F826D35B6D0072AFD7 /* Build configuration list for PBXNativeTarget "RemoteSensorsProtocolClient" */ = {
			isa = XCConfigurationList;
			buildConfigurations = (
				CBA3C8F926D35B6D0072AFD7 /* Debug */,
				CBA3C8FA26D35B6D0072AFD7 /* Release */,
			);
			defaultConfigurationIsVisible = 0;
			defaultConfigurationName = Release;
		};
/* End XCConfigurationList section */
	};
	rootObject = CBA3C8E126D35B6C0072AFD7 /* Project object */;
}
